
Microsoft Visual Studio Solution File, Format Version 12.00
# Visual Studio Version 17
VisualStudioVersion = 17.3.32922.545
MinimumVisualStudioVersion = 10.0.40219.1
Project("{FAE04EC0-301F-11D3-BF4B-00C04F79EFBC}") = "SmartFarmer", "SmartFarmer\SmartFarmer.csproj", "{1E4CE431-EB7B-42BB-9BD5-AE42578C2720}"
EndProject
Project("{FAE04EC0-301F-11D3-BF4B-00C04F79EFBC}") = "BLL", "BLL\BLL.csproj", "{5431322A-5A33-4446-B2A8-251A16B8DE16}"
EndProject
Project("{FAE04EC0-301F-11D3-BF4B-00C04F79EFBC}") = "DAL", "DAL\DAL.csproj", "{FFA348FE-BE28-4C05-A23A-01F3158D1AB9}"
EndProject
Global
	GlobalSection(SolutionConfigurationPlatforms) = preSolution
		Debug|Any CPU = Debug|Any CPU
		Release|Any CPU = Release|Any CPU
	EndGlobalSection
	GlobalSection(ProjectConfigurationPlatforms) = postSolution
		{1E4CE431-EB7B-42BB-9BD5-AE42578C2720}.Debug|Any CPU.ActiveCfg = Debug|Any CPU
		{1E4CE431-EB7B-42BB-9BD5-AE42578C2720}.Debug|Any CPU.Build.0 = Debug|Any CPU
		{1E4CE431-EB7B-42BB-9BD5-AE42578C2720}.Release|Any CPU.ActiveCfg = Release|Any CPU
		{1E4CE431-EB7B-42BB-9BD5-AE42578C2720}.Release|Any CPU.Build.0 = Release|Any CPU
		{5431322A-5A33-4446-B2A8-251A16B8DE16}.Debug|Any CPU.ActiveCfg = Debug|Any CPU
		{5431322A-5A33-4446-B2A8-251A16B8DE16}.Debug|Any CPU.Build.0 = Debug|Any CPU
		{5431322A-5A33-4446-B2A8-251A16B8DE16}.Release|Any CPU.ActiveCfg = Release|Any CPU
		{5431322A-5A33-4446-B2A8-251A16B8DE16}.Release|Any CPU.Build.0 = Release|Any CPU
		{FFA348FE-BE28-4C05-A23A-01F3158D1AB9}.Debug|Any CPU.ActiveCfg = Debug|Any CPU
		{FFA348FE-BE28-4C05-A23A-01F3158D1AB9}.Debug|Any CPU.Build.0 = Debug|Any CPU
		{FFA348FE-BE28-4C05-A23A-01F3158D1AB9}.Release|Any CPU.ActiveCfg = Release|Any CPU
		{FFA348FE-BE28-4C05-A23A-01F3158D1AB9}.Release|Any CPU.Build.0 = Release|Any CPU
	EndGlobalSection
	GlobalSection(SolutionProperties) = preSolution
		HideSolutionNode = FALSE
	EndGlobalSection
	GlobalSection(ExtensibilityGlobals) = postSolution
		SolutionGuid = {1D36FAE3-C96D-4D00-8187-9DAD231DA38C}
	EndGlobalSection
EndGlobal
